// !$*UTF8*$!
{
	archiveVersion = 1;
	classes = {
	};
	objectVersion = 50;
	objects = {

/* Begin PBXBuildFile section */
		CA79FF8B216FBEE90089DD4E /* AppDelegate.swift in Sources */ = {isa = PBXBuildFile; fileRef = CA79FF8A216FBEE90089DD4E /* AppDelegate.swift */; };
		CA79FF8D216FBEE90089DD4E /* ViewController.swift in Sources */ = {isa = PBXBuildFile; fileRef = CA79FF8C216FBEE90089DD4E /* ViewController.swift */; };
		CA79FF90216FBEE90089DD4E /* Main.storyboard in Resources */ = {isa = PBXBuildFile; fileRef = CA79FF8E216FBEE90089DD4E /* Main.storyboard */; };
		CA79FF92216FBEED0089DD4E /* Assets.xcassets in Resources */ = {isa = PBXBuildFile; fileRef = CA79FF91216FBEED0089DD4E /* Assets.xcassets */; };
		CA79FF95216FBEED0089DD4E /* LaunchScreen.storyboard in Resources */ = {isa = PBXBuildFile; fileRef = CA79FF93216FBEED0089DD4E /* LaunchScreen.storyboard */; };
		CA79FF9E216FC9DD0089DD4E /* CommentCell.swift in Sources */ = {isa = PBXBuildFile; fileRef = CA79FF9C216FC9DD0089DD4E /* CommentCell.swift */; };
		CA79FF9F216FC9DD0089DD4E /* CommentCell.xib in Resources */ = {isa = PBXBuildFile; fileRef = CA79FF9D216FC9DD0089DD4E /* CommentCell.xib */; };
		CA79FFA1216FED460089DD4E /* UIViewController.swift in Sources */ = {isa = PBXBuildFile; fileRef = CA79FFA0216FED460089DD4E /* UIViewController.swift */; };
/* End PBXBuildFile section */

/* Begin PBXFileReference section */
		CA79FF87216FBEE90089DD4E /* POC-chat.app */ = {isa = PBXFileReference; explicitFileType = wrapper.application; includeInIndex = 0; path = "POC-chat.app"; sourceTree = BUILT_PRODUCTS_DIR; };
		CA79FF8A216FBEE90089DD4E /* AppDelegate.swift */ = {isa = PBXFileReference; lastKnownFileType = sourcecode.swift; path = AppDelegate.swift; sourceTree = "<group>"; };
		CA79FF8C216FBEE90089DD4E /* ViewController.swift */ = {isa = PBXFileReference; lastKnownFileType = sourcecode.swift; path = ViewController.swift; sourceTree = "<group>"; };
		CA79FF8F216FBEE90089DD4E /* Base */ = {isa = PBXFileReference; lastKnownFileType = file.storyboard; name = Base; path = Base.lproj/Main.storyboard; sourceTree = "<group>"; };
		CA79FF91216FBEED0089DD4E /* Assets.xcassets */ = {isa = PBXFileReference; lastKnownFileType = folder.assetcatalog; path = Assets.xcassets; sourceTree = "<group>"; };
		CA79FF94216FBEED0089DD4E /* Base */ = {isa = PBXFileReference; lastKnownFileType = file.storyboard; name = Base; path = Base.lproj/LaunchScreen.storyboard; sourceTree = "<group>"; };
		CA79FF96216FBEED0089DD4E /* Info.plist */ = {isa = PBXFileReference; lastKnownFileType = text.plist.xml; path = Info.plist; sourceTree = "<group>"; };
		CA79FF9C216FC9DD0089DD4E /* CommentCell.swift */ = {isa = PBXFileReference; lastKnownFileType = sourcecode.swift; path = CommentCell.swift; sourceTree = "<group>"; };
		CA79FF9D216FC9DD0089DD4E /* CommentCell.xib */ = {isa = PBXFileReference; lastKnownFileType = file.xib; path = CommentCell.xib; sourceTree = "<group>"; };
		CA79FFA0216FED460089DD4E /* UIViewController.swift */ = {isa = PBXFileReference; lastKnownFileType = sourcecode.swift; path = UIViewController.swift; sourceTree = "<group>"; };
/* End PBXFileReference section */

/* Begin PBXFrameworksBuildPhase section */
		CA79FF84216FBEE90089DD4E /* Frameworks */ = {
			isa = PBXFrameworksBuildPhase;
			buildActionMask = 2147483647;
			files = (
			);
			runOnlyForDeploymentPostprocessing = 0;
		};
/* End PBXFrameworksBuildPhase section */

/* Begin PBXGroup section */
		CA79FF7E216FBEE90089DD4E = {
			isa = PBXGroup;
			children = (
				CA79FF89216FBEE90089DD4E /* POC-chat */,
				CA79FF88216FBEE90089DD4E /* Products */,
			);
			sourceTree = "<group>";
		};
		CA79FF88216FBEE90089DD4E /* Products */ = {
			isa = PBXGroup;
			children = (
				CA79FF87216FBEE90089DD4E /* POC-chat.app */,
			);
			name = Products;
			sourceTree = "<group>";
		};
		CA79FF89216FBEE90089DD4E /* POC-chat */ = {
			isa = PBXGroup;
			children = (
				CA79FF8A216FBEE90089DD4E /* AppDelegate.swift */,
				CA79FF8C216FBEE90089DD4E /* ViewController.swift */,
				CA79FF8E216FBEE90089DD4E /* Main.storyboard */,
				CA79FF91216FBEED0089DD4E /* Assets.xcassets */,
				CA79FF93216FBEED0089DD4E /* LaunchScreen.storyboard */,
				CA79FF96216FBEED0089DD4E /* Info.plist */,
				CA79FF9C216FC9DD0089DD4E /* CommentCell.swift */,
				CA79FF9D216FC9DD0089DD4E /* CommentCell.xib */,
				CA79FFA0216FED460089DD4E /* UIViewController.swift */,
			);
			path = "POC-chat";
			sourceTree = "<group>";
		};
/* End PBXGroup section */

/* Begin PBXNativeTarget section */
		CA79FF86216FBEE90089DD4E /* POC-chat */ = {
			isa = PBXNativeTarget;
			buildConfigurationList = CA79FF99216FBEED0089DD4E /* Build configuration list for PBXNativeTarget "POC-chat" */;
			buildPhases = (
				CA79FF83216FBEE90089DD4E /* Sources */,
				CA79FF84216FBEE90089DD4E /* Frameworks */,
				CA79FF85216FBEE90089DD4E /* Resources */,
			);
			buildRules = (
			);
			dependencies = (
			);
			name = "POC-chat";
			productName = "POC-chat";
			productReference = CA79FF87216FBEE90089DD4E /* POC-chat.app */;
			productType = "com.apple.product-type.application";
		};
/* End PBXNativeTarget section */

/* Begin PBXProject section */
		CA79FF7F216FBEE90089DD4E /* Project object */ = {
			isa = PBXProject;
			attributes = {
				LastSwiftUpdateCheck = 1000;
				LastUpgradeCheck = 1000;
				ORGANIZATIONNAME = "Josué";
				TargetAttributes = {
					CA79FF86216FBEE90089DD4E = {
						CreatedOnToolsVersion = 10.0;
					};
				};
			};
			buildConfigurationList = CA79FF82216FBEE90089DD4E /* Build configuration list for PBXProject "POC-chat" */;
			compatibilityVersion = "Xcode 9.3";
			developmentRegion = en;
			hasScannedForEncodings = 0;
			knownRegions = (
				en,
				Base,
			);
			mainGroup = CA79FF7E216FBEE90089DD4E;
			productRefGroup = CA79FF88216FBEE90089DD4E /* Products */;
			projectDirPath = "";
			projectRoot = "";
			targets = (
				CA79FF86216FBEE90089DD4E /* POC-chat */,
			);
		};
/* End PBXProject section */

/* Begin PBXResourcesBuildPhase section */
		CA79FF85216FBEE90089DD4E /* Resources */ = {
			isa = PBXResourcesBuildPhase;
			buildActionMask = 2147483647;
			files = (
				CA79FF95216FBEED0089DD4E /* LaunchScreen.storyboard in Resources */,
				CA79FF92216FBEED0089DD4E /* Assets.xcassets in Resources */,
				CA79FF90216FBEE90089DD4E /* Main.storyboard in Resources */,
				CA79FF9F216FC9DD0089DD4E /* CommentCell.xib in Resources */,
			);
			runOnlyForDeploymentPostprocessing = 0;
		};
/* End PBXResourcesBuildPhase section */

/* Begin PBXSourcesBuildPhase section */
		CA79FF83216FBEE90089DD4E /* Sources */ = {
			isa = PBXSourcesBuildPhase;
			buildActionMask = 2147483647;
			files = (
				CA79FF8D216FBEE90089DD4E /* ViewController.swift in Sources */,
				CA79FF8B216FBEE90089DD4E /* AppDelegate.swift in Sources */,
				CA79FFA1216FED460089DD4E /* UIViewController.swift in Sources */,
				CA79FF9E216FC9DD0089DD4E /* CommentCell.swift in Sources */,
			);
			runOnlyForDeploymentPostprocessing = 0;
		};
/* End PBXSourcesBuildPhase section */

/* Begin PBXVariantGroup section */
		CA79FF8E216FBEE90089DD4E /* Main.storyboard */ = {
			isa = PBXVariantGroup;
			children = (
				CA79FF8F216FBEE90089DD4E /* Base */,
			);
			name = Main.storyboard;
			sourceTree = "<group>";
		};
		CA79FF93216FBEED0089DD4E /* LaunchScreen.storyboard */ = {
			isa = PBXVariantGroup;
			children = (
				CA79FF94216FBEED0089DD4E /* Base */,
			);
			name = LaunchScreen.storyboard;
			sourceTree = "<group>";
		};
/* End PBXVariantGroup section */

/* Begin XCBuildConfiguration section */
		CA79FF97216FBEED0089DD4E /* Debug */ = {
			isa = XCBuildConfiguration;
			buildSettings = {
				ALWAYS_SEARCH_USER_PATHS = NO;
				CLANG_ANALYZER_NONNULL = YES;
				CLANG_ANALYZER_NUMBER_OBJECT_CONVERSION = YES_AGGRESSIVE;
				CLANG_CXX_LANGUAGE_STANDARD = "gnu++14";
				CLANG_CXX_LIBRARY = "libc++";
				CLANG_ENABLE_MODULES = YES;
				CLANG_ENABLE_OBJC_ARC = YES;
				CLANG_ENABLE_OBJC_WEAK = YES;
				CLANG_WARN_BLOCK_CAPTURE_AUTORELEASING = YES;
				CLANG_WARN_BOOL_CONVERSION = YES;
				CLANG_WARN_COMMA = YES;
				CLANG_WARN_CONSTANT_CONVERSION = YES;
				CLANG_WARN_DEPRECATED_OBJC_IMPLEMENTATIONS = YES;
				CLANG_WARN_DIRECT_OBJC_ISA_USAGE = YES_ERROR;
				CLANG_WARN_DOCUMENTATION_COMMENTS = YES;
				CLANG_WARN_EMPTY_BODY = YES;
				CLANG_WARN_ENUM_CONVERSION = YES;
				CLANG_WARN_INFINITE_RECURSION = YES;
				CLANG_WARN_INT_CONVERSION = YES;
				CLANG_WARN_NON_LITERAL_NULL_CONVERSION = YES;
				CLANG_WARN_OBJC_IMPLICIT_RETAIN_SELF = YES;
				CLANG_WARN_OBJC_LITERAL_CONVERSION = YES;
				CLANG_WARN_OBJC_ROOT_CLASS = YES_ERROR;
				CLANG_WARN_RANGE_LOOP_ANALYSIS = YES;
				CLANG_WARN_STRICT_PROTOTYPES = YES;
				CLANG_WARN_SUSPICIOUS_MOVE = YES;
				CLANG_WARN_UNGUARDED_AVAILABILITY = YES_AGGRESSIVE;
				CLANG_WARN_UNREACHABLE_CODE = YES;
				CLANG_WARN__DUPLICATE_METHOD_MATCH = YES;
				CODE_SIGN_IDENTITY = "iPhone Developer";
				COPY_PHASE_STRIP = NO;
				DEBUG_INFORMATION_FORMAT = dwarf;
				ENABLE_STRICT_OBJC_MSGSEND = YES;
				ENABLE_TESTABILITY = YES;
				GCC_C_LANGUAGE_STANDARD = gnu11;
				GCC_DYNAMIC_NO_PIC = NO;
				GCC_NO_COMMON_BLOCKS = YES;
				GCC_OPTIMIZATION_LEVEL = 0;
				GCC_PREPROCESSOR_DEFINITIONS = (
					"DEBUG=1",
					"$(inherited)",
				);
				GCC_WARN_64_TO_32_BIT_CONVERSION = YES;
				GCC_WARN_ABOUT_RETURN_TYPE = YES_ERROR;
				GCC_WARN_UNDECLARED_SELECTOR = YES;
				GCC_WARN_UNINITIALIZED_AUTOS = YES_AGGRESSIVE;
				GCC_WARN_UNUSED_FUNCTION = YES;
				GCC_WARN_UNUSED_VARIABLE = YES;
				IPHONEOS_DEPLOYMENT_TARGET = 12.0;
				MTL_ENABLE_DEBUG_INFO = INCLUDE_SOURCE;
				MTL_FAST_MATH = YES;
				ONLY_ACTIVE_ARCH = YES;
				SDKROOT = iphoneos;
				SWIFT_ACTIVE_COMPILATION_CONDITIONS = DEBUG;
				SWIFT_OPTIMIZATION_LEVEL = "-Onone";
			};
			name = Debug;
		};
		CA79FF98216FBEED0089DD4E /* Release */ = {
			isa = XCBuildConfiguration;
			buildSettings = {
				ALWAYS_SEARCH_USER_PATHS = NO;
				CLANG_ANALYZER_NONNULL = YES;
				CLANG_ANALYZER_NUMBER_OBJECT_CONVERSION = YES_AGGRESSIVE;
				CLANG_CXX_LANGUAGE_STANDARD = "gnu++14";
				CLANG_CXX_LIBRARY = "libc++";
				CLANG_ENABLE_MODULES = YES;
				CLANG_ENABLE_OBJC_ARC = YES;
				CLANG_ENABLE_OBJC_WEAK = YES;
				CLANG_WARN_BLOCK_CAPTURE_AUTORELEASING = YES;
				CLANG_WARN_BOOL_CONVERSION = YES;
				CLANG_WARN_COMMA = YES;
				CLANG_WARN_CONSTANT_CONVERSION = YES;
				CLANG_WARN_DEPRECATED_OBJC_IMPLEMENTATIONS = YES;
				CLANG_WARN_DIRECT_OBJC_ISA_USAGE = YES_ERROR;
				CLANG_WARN_DOCUMENTATION_COMMENTS = YES;
				CLANG_WARN_EMPTY_BODY = YES;
				CLANG_WARN_ENUM_CONVERSION = YES;
				CLANG_WARN_INFINITE_RECURSION = YES;
				CLANG_WARN_INT_CONVERSION = YES;
				CLANG_WARN_NON_LITERAL_NULL_CONVERSION = YES;
				CLANG_WARN_OBJC_IMPLICIT_RETAIN_SELF = YES;
				CLANG_WARN_OBJC_LITERAL_CONVERSION = YES;
				CLANG_WARN_OBJC_ROOT_CLASS = YES_ERROR;
				CLANG_WARN_RANGE_LOOP_ANALYSIS = YES;
				CLANG_WARN_STRICT_PROTOTYPES = YES;
				CLANG_WARN_SUSPICIOUS_MOVE = YES;
				CLANG_WARN_UNGUARDED_AVAILABILITY = YES_AGGRESSIVE;
				CLANG_WARN_UNREACHABLE_CODE = YES;
				CLANG_WARN__DUPLICATE_METHOD_MATCH = YES;
				CODE_SIGN_IDENTITY = "iPhone Developer";
				COPY_PHASE_STRIP = NO;
				DEBUG_INFORMATION_FORMAT = "dwarf-with-dsym";
				ENABLE_NS_ASSERTIONS = NO;
				ENABLE_STRICT_OBJC_MSGSEND = YES;
				GCC_C_LANGUAGE_STANDARD = gnu11;
				GCC_NO_COMMON_BLOCKS = YES;
				GCC_WARN_64_TO_32_BIT_CONVERSION = YES;
				GCC_WARN_ABOUT_RETURN_TYPE = YES_ERROR;
				GCC_WARN_UNDECLARED_SELECTOR = YES;
				GCC_WARN_UNINITIALIZED_AUTOS = YES_AGGRESSIVE;
				GCC_WARN_UNUSED_FUNCTION = YES;
				GCC_WARN_UNUSED_VARIABLE = YES;
				IPHONEOS_DEPLOYMENT_TARGET = 12.0;
				MTL_ENABLE_DEBUG_INFO = NO;
				MTL_FAST_MATH = YES;
				SDKROOT = iphoneos;
				SWIFT_COMPILATION_MODE = wholemodule;
				SWIFT_OPTIMIZATION_LEVEL = "-O";
				VALIDATE_PRODUCT = YES;
			};
			name = Release;
		};
		CA79FF9A216FBEED0089DD4E /* Debug */ = {
			isa = XCBuildConfiguration;
			buildSettings = {
				ASSETCATALOG_COMPILER_APPICON_NAME = AppIcon;
				CODE_SIGN_STYLE = Automatic;
				DEVELOPMENT_TEAM = E22L8KF9WN;
				INFOPLIST_FILE = "POC-chat/Info.plist";
				LD_RUNPATH_SEARCH_PATHS = (
					"$(inherited)",
					"@executable_path/Frameworks",
				);
				PRODUCT_BUNDLE_IDENTIFIER = "chat.POC-chat";
				PRODUCT_NAME = "$(TARGET_NAME)";
				SWIFT_VERSION = 4.2;
				TARGETED_DEVICE_FAMILY = "1,2";
			};
			name = Debug;
		};
		CA79FF9B216FBEED0089DD4E /* Release */ = {
			isa = XCBuildConfiguration;
			buildSettings = {
				ASSETCATALOG_COMPILER_APPICON_NAME = AppIcon;
				CODE_SIGN_STYLE = Automatic;
				DEVELOPMENT_TEAM = E22L8KF9WN;
				INFOPLIST_FILE = "POC-chat/Info.plist";
				LD_RUNPATH_SEARCH_PATHS = (
					"$(inherited)",
					"@executable_path/Frameworks",
				);
				PRODUCT_BUNDLE_IDENTIFIER = "chat.POC-chat";
				PRODUCT_NAME = "$(TARGET_NAME)";
				SWIFT_VERSION = 4.2;
				TARGETED_DEVICE_FAMILY = "1,2";
			};
			name = Release;
		};
/* End XCBuildConfiguration section */

/* Begin XCConfigurationList section */
		CA79FF82216FBEE90089DD4E /* Build configuration list for PBXProject "POC-chat" */ = {
			isa = XCConfigurationList;
			buildConfigurations = (
				CA79FF97216FBEED0089DD4E /* Debug */,
				CA79FF98216FBEED0089DD4E /* Release */,
			);
			defaultConfigurationIsVisible = 0;
			defaultConfigurationName = Release;
		};
		CA79FF99216FBEED0089DD4E /* Build configuration list for PBXNativeTarget "POC-chat" */ = {
			isa = XCConfigurationList;
			buildConfigurations = (
				CA79FF9A216FBEED0089DD4E /* Debug */,
				CA79FF9B216FBEED0089DD4E /* Release */,
			);
			defaultConfigurationIsVisible = 0;
			defaultConfigurationName = Release;
		};
/* End XCConfigurationList section */
	};
	rootObject = CA79FF7F216FBEE90089DD4E /* Project object */;
}
